PODS:
  - Eureka (4.0.1)
  - GesturePassword (1.6.0)

DEPENDENCIES:
  - Eureka (from `https://github.com/xmartlabs/Eureka.git`)
  - GesturePassword

EXTERNAL SOURCES:
  Eureka:
    :git: https://github.com/xmartlabs/Eureka.git

CHECKOUT OPTIONS:
  Eureka:
    :commit: 076eaaa27d1c90c68f01a6389cfcaa0359ea1a10
    :git: https://github.com/xmartlabs/Eureka.git

SPEC CHECKSUMS:
  Eureka: 3311299432b1e11fa4b40796654fc759caabcd93
  GesturePassword: 1aa0e8bd8dabae4b4b96b6f0a544b1a617c58499

PODFILE CHECKSUM: d0de7308f6c6eac45aa98264a395d8e055d035b7

COCOAPODS: 1.4.0.beta.2
