PODS:
  - Eureka (4.1.1)
  - GesturePassword (1.6.0)

DEPENDENCIES:
  - Eureka (from `https://github.com/xmartlabs/Eureka.git`)
  - GesturePassword

EXTERNAL SOURCES:
  Eureka:
    :git: https://github.com/xmartlabs/Eureka.git

CHECKOUT OPTIONS:
  Eureka:
    :commit: ccd078be3621434a0d7d3ab7d63deae46731ea7f
    :git: https://github.com/xmartlabs/Eureka.git

SPEC CHECKSUMS:
  Eureka: b88fb930e42c79f8c03c373d0fcdc28c1d6c50ed
  GesturePassword: 1aa0e8bd8dabae4b4b96b6f0a544b1a617c58499

PODFILE CHECKSUM: d0de7308f6c6eac45aa98264a395d8e055d035b7

COCOAPODS: 1.4.0
