PODS:
  - Eureka (4.3.0)
  - GesturePassword (2.0.3)

DEPENDENCIES:
  - Eureka (from `https://github.com/xmartlabs/Eureka.git`)
  - GesturePassword

SPEC REPOS:
  https://github.com/cocoapods/specs.git:
    - GesturePassword

EXTERNAL SOURCES:
  Eureka:
    :git: https://github.com/xmartlabs/Eureka.git

CHECKOUT OPTIONS:
  Eureka:
    :commit: acc6c0ce7ae08bdcf7a84ca4dd5685747da65c41
    :git: https://github.com/xmartlabs/Eureka.git

SPEC CHECKSUMS:
  Eureka: e2dd50c3d6e07d2d2501d4141e903ec64fa3724e
  GesturePassword: 1afc4fdb0ac87ed4f1c82a218d4c06b55a1c4c30

PODFILE CHECKSUM: d0de7308f6c6eac45aa98264a395d8e055d035b7

COCOAPODS: 1.5.3
